uuid: fe13c15d-c850-482a-b670-13ed87818019
langcode: en
status: true
dependencies:
  module:
    - block_class
    - custom_module
    - user
  theme:
    - olivero
third_party_settings:
  block_class:
    classes: container
id: olivero_welcomecustomblock
theme: olivero
region: hero
weight: -21
provider: null
plugin: welcome_block
settings:
  id: welcome_block
  label: 'Welcome (Custom Block))'
  label_display: '0'
  provider: custom_module
visibility:
  user_role:
    id: user_role
    negate: false
    context_mapping:
      user: '@user.current_user_context:current_user'
    roles:
      chiropractor_active_: chiropractor_active_
      enrolled_patient: enrolled_patient
      archived_patient: archived_patient
